PODS:
  - YYKit (1.0.9):
    - YYKit/no-arc (= 1.0.9)
  - YYKit/no-arc (1.0.9)

DEPENDENCIES:
  - YYKit

SPEC REPOS:
  https://github.com/cocoapods/specs.git:
    - YYKit

SPEC CHECKSUMS:
  YYKit: 7cda43304a8dc3696c449041e2cb3107b4e236e7

PODFILE CHECKSUM: b9212d1f1347c8bcd07cca4a5b4f2e31bb4e34ea

COCOAPODS: 1.5.3
